
Microsoft Visual Studio Solution File, Format Version 12.00
# Visual Studio Version 17
VisualStudioVersion = 17.4.33205.214
MinimumVisualStudioVersion = 10.0.40219.1
Project("{FAE04EC0-301F-11D3-BF4B-00C04F79EFBC}") = "LR_12_WEB_NET", "LR_12_WEB_NET\LR_12_WEB_NET.csproj", "{A5345583-4458-4E17-8442-190EDBC6A171}"
EndProject
Global
	GlobalSection(SolutionConfigurationPlatforms) = preSolution
		Debug|Any CPU = Debug|Any CPU
		Release|Any CPU = Release|Any CPU
	EndGlobalSection
	GlobalSection(ProjectConfigurationPlatforms) = postSolution
		{A5345583-4458-4E17-8442-190EDBC6A171}.Debug|Any CPU.ActiveCfg = Debug|Any CPU
		{A5345583-4458-4E17-8442-190EDBC6A171}.Debug|Any CPU.Build.0 = Debug|Any CPU
		{A5345583-4458-4E17-8442-190EDBC6A171}.Release|Any CPU.ActiveCfg = Release|Any CPU
		{A5345583-4458-4E17-8442-190EDBC6A171}.Release|Any CPU.Build.0 = Release|Any CPU
	EndGlobalSection
	GlobalSection(SolutionProperties) = preSolution
		HideSolutionNode = FALSE
	EndGlobalSection
	GlobalSection(ExtensibilityGlobals) = postSolution
		SolutionGuid = {6432134F-4F28-4C19-A3E5-F9909F98F31A}
	EndGlobalSection
EndGlobal
